
Microsoft Visual Studio Solution File, Format Version 12.00
Project("{FAE04EC0-301F-11D3-BF4B-00C04F79EFBC}") = "TiMPLabwork2", "TiMPLabwork2\TiMPLabwork2.csproj", "{2F5EA3E5-C41E-47F7-AFFC-6E2AF599B2DE}"
EndProject
Global
	GlobalSection(SolutionConfigurationPlatforms) = preSolution
		Debug|Any CPU = Debug|Any CPU
		Release|Any CPU = Release|Any CPU
	EndGlobalSection
	GlobalSection(ProjectConfigurationPlatforms) = postSolution
		{2F5EA3E5-C41E-47F7-AFFC-6E2AF599B2DE}.Debug|Any CPU.ActiveCfg = Debug|Any CPU
		{2F5EA3E5-C41E-47F7-AFFC-6E2AF599B2DE}.Debug|Any CPU.Build.0 = Debug|Any CPU
		{2F5EA3E5-C41E-47F7-AFFC-6E2AF599B2DE}.Release|Any CPU.ActiveCfg = Release|Any CPU
		{2F5EA3E5-C41E-47F7-AFFC-6E2AF599B2DE}.Release|Any CPU.Build.0 = Release|Any CPU
	EndGlobalSection
EndGlobal
